{
  "name": "binary-clock-react",
  "version": "0.1.0",
  "lockfileVersion": 1,
  "requires": true,
  "dependencies": {
    "binary-clock-core": {
      "version": "2.0.0",
      "resolved": "https://registry.npmjs.org/binary-clock-core/-/binary-clock-core-2.0.0.tgz",
      "integrity": "sha512-6C2uW2hYDbjUGOmJ9wxoqBLtGTp8/qSx6e+dChmj89d7GeUzxB4IC1kSjWNTudtkYAsLEMZiUvDbSUXxBn/Z7Q=="
    }
  }
}
